
Microsoft Visual Studio Solution File, Format Version 12.00
# Visual Studio Version 17
VisualStudioVersion = 17.0.31903.59
MinimumVisualStudioVersion = 10.0.40219.1
Project("{FAE04EC0-301F-11D3-BF4B-00C04F79EFBC}") = "ИЗ5", "ИЗ5\ИЗ5.csproj", "{2477BCBC-E943-4BE1-9335-A047A2E1B1BE}"
EndProject
Global
	GlobalSection(SolutionConfigurationPlatforms) = preSolution
		Debug|Any CPU = Debug|Any CPU
		Release|Any CPU = Release|Any CPU
	EndGlobalSection
	GlobalSection(ProjectConfigurationPlatforms) = postSolution
		{2477BCBC-E943-4BE1-9335-A047A2E1B1BE}.Debug|Any CPU.ActiveCfg = Debug|Any CPU
		{2477BCBC-E943-4BE1-9335-A047A2E1B1BE}.Debug|Any CPU.Build.0 = Debug|Any CPU
		{2477BCBC-E943-4BE1-9335-A047A2E1B1BE}.Release|Any CPU.ActiveCfg = Release|Any CPU
		{2477BCBC-E943-4BE1-9335-A047A2E1B1BE}.Release|Any CPU.Build.0 = Release|Any CPU
	EndGlobalSection
	GlobalSection(SolutionProperties) = preSolution
		HideSolutionNode = FALSE
	EndGlobalSection
	GlobalSection(ExtensibilityGlobals) = postSolution
		SolutionGuid = {57AAB947-6795-4AD7-84B1-AC740EC0A4C5}
	EndGlobalSection
EndGlobal
